// !$*UTF8*$!
{
	archiveVersion = 1;
	classes = {
	};
	objectVersion = 46;
	objects = {

/* Begin PBXBuildFile section */
		B58414F315FA527E00E6D0AE /* Card.m in Sources */ = {isa = PBXBuildFile; fileRef = B58414F215FA527E00E6D0AE /* Card.m */; };
		B58414F715FADCA500E6D0AE /* Player.m in Sources */ = {isa = PBXBuildFile; fileRef = B58414F615FADCA500E6D0AE /* Player.m */; };
		B5DAAB5015F8178E00835E3A /* Cocoa.framework in Frameworks */ = {isa = PBXBuildFile; fileRef = B5DAAB4F15F8178E00835E3A /* Cocoa.framework */; };
		B5DAAB5A15F8178E00835E3A /* InfoPlist.strings in Resources */ = {isa = PBXBuildFile; fileRef = B5DAAB5815F8178E00835E3A /* InfoPlist.strings */; };
		B5DAAB5C15F8178E00835E3A /* main.m in Sources */ = {isa = PBXBuildFile; fileRef = B5DAAB5B15F8178E00835E3A /* main.m */; };
		B5DAAB6015F8178E00835E3A /* Credits.rtf in Resources */ = {isa = PBXBuildFile; fileRef = B5DAAB5E15F8178E00835E3A /* Credits.rtf */; };
		B5DAAB6315F8178E00835E3A /* AppDelegate.m in Sources */ = {isa = PBXBuildFile; fileRef = B5DAAB6215F8178E00835E3A /* AppDelegate.m */; };
		B5DAAB6615F8178E00835E3A /* MainMenu.xib in Resources */ = {isa = PBXBuildFile; fileRef = B5DAAB6415F8178E00835E3A /* MainMenu.xib */; };
		B5DAABA615F81BF000835E3A /* 10_Club.png in Resources */ = {isa = PBXBuildFile; fileRef = B5DAAB7215F81BF000835E3A /* 10_Club.png */; };
		B5DAABA715F81BF000835E3A /* 10_Diamond.png in Resources */ = {isa = PBXBuildFile; fileRef = B5DAAB7315F81BF000835E3A /* 10_Diamond.png */; };
		B5DAABA815F81BF000835E3A /* 10_Heart.png in Resources */ = {isa = PBXBuildFile; fileRef = B5DAAB7415F81BF000835E3A /* 10_Heart.png */; };
		B5DAABA915F81BF000835E3A /* 10_Spade.png in Resources */ = {isa = PBXBuildFile; fileRef = B5DAAB7515F81BF000835E3A /* 10_Spade.png */; };
		B5DAABAA15F81BF000835E3A /* 2_Club.png in Resources */ = {isa = PBXBuildFile; fileRef = B5DAAB7615F81BF000835E3A /* 2_Club.png */; };
		B5DAABAB15F81BF000835E3A /* 2_Diamond.png in Resources */ = {isa = PBXBuildFile; fileRef = B5DAAB7715F81BF000835E3A /* 2_Diamond.png */; };
		B5DAABAC15F81BF000835E3A /* 2_Heart.png in Resources */ = {isa = PBXBuildFile; fileRef = B5DAAB7815F81BF000835E3A /* 2_Heart.png */; };
		B5DAABAD15F81BF000835E3A /* 2_Spade.png in Resources */ = {isa = PBXBuildFile; fileRef = B5DAAB7915F81BF000835E3A /* 2_Spade.png */; };
		B5DAABAE15F81BF000835E3A /* 3_Club.png in Resources */ = {isa = PBXBuildFile; fileRef = B5DAAB7A15F81BF000835E3A /* 3_Club.png */; };
		B5DAABAF15F81BF000835E3A /* 3_Diamond.png in Resources */ = {isa = PBXBuildFile; fileRef = B5DAAB7B15F81BF000835E3A /* 3_Diamond.png */; };
		B5DAABB015F81BF000835E3A /* 3_Heart.png in Resources */ = {isa = PBXBuildFile; fileRef = B5DAAB7C15F81BF000835E3A /* 3_Heart.png */; };
		B5DAABB115F81BF000835E3A /* 3_Spade.png in Resources */ = {isa = PBXBuildFile; fileRef = B5DAAB7D15F81BF000835E3A /* 3_Spade.png */; };
		B5DAABB215F81BF000835E3A /* 4_Club.png in Resources */ = {isa = PBXBuildFile; fileRef = B5DAAB7E15F81BF000835E3A /* 4_Club.png */; };
		B5DAABB315F81BF000835E3A /* 4_Diamond.png in Resources */ = {isa = PBXBuildFile; fileRef = B5DAAB7F15F81BF000835E3A /* 4_Diamond.png */; };
		B5DAABB415F81BF000835E3A /* 4_Heart.png in Resources */ = {isa = PBXBuildFile; fileRef = B5DAAB8015F81BF000835E3A /* 4_Heart.png */; };
		B5DAABB515F81BF000835E3A /* 4_Spade.png in Resources */ = {isa = PBXBuildFile; fileRef = B5DAAB8115F81BF000835E3A /* 4_Spade.png */; };
		B5DAABB615F81BF000835E3A /* 5_Club.png in Resources */ = {isa = PBXBuildFile; fileRef = B5DAAB8215F81BF000835E3A /* 5_Club.png */; };
		B5DAABB715F81BF000835E3A /* 5_Diamond.png in Resources */ = {isa = PBXBuildFile; fileRef = B5DAAB8315F81BF000835E3A /* 5_Diamond.png */; };
		B5DAABB815F81BF000835E3A /* 5_Heart.png in Resources */ = {isa = PBXBuildFile; fileRef = B5DAAB8415F81BF000835E3A /* 5_Heart.png */; };
		B5DAABB915F81BF000835E3A /* 5_Spade.png in Resources */ = {isa = PBXBuildFile; fileRef = B5DAAB8515F81BF000835E3A /* 5_Spade.png */; };
		B5DAABBA15F81BF000835E3A /* 6_Club.png in Resources */ = {isa = PBXBuildFile; fileRef = B5DAAB8615F81BF000835E3A /* 6_Club.png */; };
		B5DAABBB15F81BF000835E3A /* 6_Diamond.png in Resources */ = {isa = PBXBuildFile; fileRef = B5DAAB8715F81BF000835E3A /* 6_Diamond.png */; };
		B5DAABBC15F81BF000835E3A /* 6_Heart.png in Resources */ = {isa = PBXBuildFile; fileRef = B5DAAB8815F81BF000835E3A /* 6_Heart.png */; };
		B5DAABBD15F81BF000835E3A /* 6_Spade.png in Resources */ = {isa = PBXBuildFile; fileRef = B5DAAB8915F81BF000835E3A /* 6_Spade.png */; };
		B5DAABBE15F81BF000835E3A /* 7_Club.png in Resources */ = {isa = PBXBuildFile; fileRef = B5DAAB8A15F81BF000835E3A /* 7_Club.png */; };
		B5DAABBF15F81BF000835E3A /* 7_Diamond.png in Resources */ = {isa = PBXBuildFile; fileRef = B5DAAB8B15F81BF000835E3A /* 7_Diamond.png */; };
		B5DAABC015F81BF000835E3A /* 7_Heart.png in Resources */ = {isa = PBXBuildFile; fileRef = B5DAAB8C15F81BF000835E3A /* 7_Heart.png */; };
		B5DAABC115F81BF000835E3A /* 7_Spade.png in Resources */ = {isa = PBXBuildFile; fileRef = B5DAAB8D15F81BF000835E3A /* 7_Spade.png */; };
		B5DAABC215F81BF000835E3A /* 8_Club.png in Resources */ = {isa = PBXBuildFile; fileRef = B5DAAB8E15F81BF000835E3A /* 8_Club.png */; };
		B5DAABC315F81BF000835E3A /* 8_Diamond.png in Resources */ = {isa = PBXBuildFile; fileRef = B5DAAB8F15F81BF000835E3A /* 8_Diamond.png */; };
		B5DAABC415F81BF000835E3A /* 8_Heart.png in Resources */ = {isa = PBXBuildFile; fileRef = B5DAAB9015F81BF000835E3A /* 8_Heart.png */; };
		B5DAABC515F81BF000835E3A /* 8_Spade.png in Resources */ = {isa = PBXBuildFile; fileRef = B5DAAB9115F81BF000835E3A /* 8_Spade.png */; };
		B5DAABC615F81BF000835E3A /* 9_Club.png in Resources */ = {isa = PBXBuildFile; fileRef = B5DAAB9215F81BF000835E3A /* 9_Club.png */; };
		B5DAABC715F81BF000835E3A /* 9_Diamond.png in Resources */ = {isa = PBXBuildFile; fileRef = B5DAAB9315F81BF000835E3A /* 9_Diamond.png */; };
		B5DAABC815F81BF000835E3A /* 9_Heart.png in Resources */ = {isa = PBXBuildFile; fileRef = B5DAAB9415F81BF000835E3A /* 9_Heart.png */; };
		B5DAABC915F81BF000835E3A /* 9_Spade.png in Resources */ = {isa = PBXBuildFile; fileRef = B5DAAB9515F81BF000835E3A /* 9_Spade.png */; };
		B5DAABCA15F81BF000835E3A /* Ace_Club.png in Resources */ = {isa = PBXBuildFile; fileRef = B5DAAB9615F81BF000835E3A /* Ace_Club.png */; };
		B5DAABCB15F81BF000835E3A /* Ace_Diamond.png in Resources */ = {isa = PBXBuildFile; fileRef = B5DAAB9715F81BF000835E3A /* Ace_Diamond.png */; };
		B5DAABCC15F81BF000835E3A /* Ace_Heart.png in Resources */ = {isa = PBXBuildFile; fileRef = B5DAAB9815F81BF000835E3A /* Ace_Heart.png */; };
		B5DAABCD15F81BF000835E3A /* Ace_Spade.png in Resources */ = {isa = PBXBuildFile; fileRef = B5DAAB9915F81BF000835E3A /* Ace_Spade.png */; };
		B5DAABCE15F81BF000835E3A /* Jack_Club.png in Resources */ = {isa = PBXBuildFile; fileRef = B5DAAB9A15F81BF000835E3A /* Jack_Club.png */; };
		B5DAABCF15F81BF000835E3A /* Jack_Diamond.png in Resources */ = {isa = PBXBuildFile; fileRef = B5DAAB9B15F81BF000835E3A /* Jack_Diamond.png */; };
		B5DAABD015F81BF000835E3A /* Jack_Heart.png in Resources */ = {isa = PBXBuildFile; fileRef = B5DAAB9C15F81BF000835E3A /* Jack_Heart.png */; };
		B5DAABD115F81BF000835E3A /* Jack_Spade.png in Resources */ = {isa = PBXBuildFile; fileRef = B5DAAB9D15F81BF000835E3A /* Jack_Spade.png */; };
		B5DAABD215F81BF000835E3A /* King_Club.png in Resources */ = {isa = PBXBuildFile; fileRef = B5DAAB9E15F81BF000835E3A /* King_Club.png */; };
		B5DAABD315F81BF000835E3A /* King_Diamond.png in Resources */ = {isa = PBXBuildFile; fileRef = B5DAAB9F15F81BF000835E3A /* King_Diamond.png */; };
		B5DAABD415F81BF000835E3A /* King_Heart.png in Resources */ = {isa = PBXBuildFile; fileRef = B5DAABA015F81BF000835E3A /* King_Heart.png */; };
		B5DAABD515F81BF000835E3A /* King_Spade.png in Resources */ = {isa = PBXBuildFile; fileRef = B5DAABA115F81BF000835E3A /* King_Spade.png */; };
		B5DAABD615F81BF000835E3A /* Queen_Club.png in Resources */ = {isa = PBXBuildFile; fileRef = B5DAABA215F81BF000835E3A /* Queen_Club.png */; };
		B5DAABD715F81BF000835E3A /* Queen_Diamond.png in Resources */ = {isa = PBXBuildFile; fileRef = B5DAABA315F81BF000835E3A /* Queen_Diamond.png */; };
		B5DAABD815F81BF000835E3A /* Queen_Heart.png in Resources */ = {isa = PBXBuildFile; fileRef = B5DAABA415F81BF000835E3A /* Queen_Heart.png */; };
		B5DAABD915F81BF000835E3A /* Queen_Spade.png in Resources */ = {isa = PBXBuildFile; fileRef = B5DAABA515F81BF000835E3A /* Queen_Spade.png */; };
		B5DAABDE15F848D100835E3A /* 1st.png in Resources */ = {isa = PBXBuildFile; fileRef = B5DAABDA15F848D100835E3A /* 1st.png */; };
		B5DAABDF15F848D100835E3A /* 2nd.png in Resources */ = {isa = PBXBuildFile; fileRef = B5DAABDB15F848D100835E3A /* 2nd.png */; };
		B5DAABE015F848D100835E3A /* 3rd.png in Resources */ = {isa = PBXBuildFile; fileRef = B5DAABDC15F848D100835E3A /* 3rd.png */; };
		B5DAABE115F848D100835E3A /* 4th.png in Resources */ = {isa = PBXBuildFile; fileRef = B5DAABDD15F848D100835E3A /* 4th.png */; };
/* End PBXBuildFile section */

/* Begin PBXFileReference section */
		B58414F115FA527E00E6D0AE /* Card.h */ = {isa = PBXFileReference; fileEncoding = 4; lastKnownFileType = sourcecode.c.h; path = Card.h; sourceTree = "<group>"; };
		B58414F215FA527E00E6D0AE /* Card.m */ = {isa = PBXFileReference; fileEncoding = 4; lastKnownFileType = sourcecode.c.objc; path = Card.m; sourceTree = "<group>"; };
		B58414F515FADCA500E6D0AE /* Player.h */ = {isa = PBXFileReference; fileEncoding = 4; lastKnownFileType = sourcecode.c.h; path = Player.h; sourceTree = "<group>"; };
		B58414F615FADCA500E6D0AE /* Player.m */ = {isa = PBXFileReference; fileEncoding = 4; lastKnownFileType = sourcecode.c.objc; path = Player.m; sourceTree = "<group>"; };
		B5DAAB4B15F8178E00835E3A /* ChainBreak.app */ = {isa = PBXFileReference; explicitFileType = wrapper.application; includeInIndex = 0; path = ChainBreak.app; sourceTree = BUILT_PRODUCTS_DIR; };
		B5DAAB4F15F8178E00835E3A /* Cocoa.framework */ = {isa = PBXFileReference; lastKnownFileType = wrapper.framework; name = Cocoa.framework; path = System/Library/Frameworks/Cocoa.framework; sourceTree = SDKROOT; };
		B5DAAB5215F8178E00835E3A /* AppKit.framework */ = {isa = PBXFileReference; lastKnownFileType = wrapper.framework; name = AppKit.framework; path = System/Library/Frameworks/AppKit.framework; sourceTree = SDKROOT; };
		B5DAAB5315F8178E00835E3A /* CoreData.framework */ = {isa = PBXFileReference; lastKnownFileType = wrapper.framework; name = CoreData.framework; path = System/Library/Frameworks/CoreData.framework; sourceTree = SDKROOT; };
		B5DAAB5415F8178E00835E3A /* Foundation.framework */ = {isa = PBXFileReference; lastKnownFileType = wrapper.framework; name = Foundation.framework; path = System/Library/Frameworks/Foundation.framework; sourceTree = SDKROOT; };
		B5DAAB5715F8178E00835E3A /* ChainBreak-Info.plist */ = {isa = PBXFileReference; lastKnownFileType = text.plist.xml; path = "ChainBreak-Info.plist"; sourceTree = "<group>"; };
		B5DAAB5915F8178E00835E3A /* en */ = {isa = PBXFileReference; lastKnownFileType = text.plist.strings; name = en; path = en.lproj/InfoPlist.strings; sourceTree = "<group>"; };
		B5DAAB5B15F8178E00835E3A /* main.m */ = {isa = PBXFileReference; lastKnownFileType = sourcecode.c.objc; path = main.m; sourceTree = "<group>"; };
		B5DAAB5D15F8178E00835E3A /* ChainBreak-Prefix.pch */ = {isa = PBXFileReference; lastKnownFileType = sourcecode.c.h; path = "ChainBreak-Prefix.pch"; sourceTree = "<group>"; };
		B5DAAB5F15F8178E00835E3A /* en */ = {isa = PBXFileReference; lastKnownFileType = text.rtf; name = en; path = en.lproj/Credits.rtf; sourceTree = "<group>"; };
		B5DAAB6115F8178E00835E3A /* AppDelegate.h */ = {isa = PBXFileReference; lastKnownFileType = sourcecode.c.h; path = AppDelegate.h; sourceTree = "<group>"; };
		B5DAAB6215F8178E00835E3A /* AppDelegate.m */ = {isa = PBXFileReference; lastKnownFileType = sourcecode.c.objc; path = AppDelegate.m; sourceTree = "<group>"; };
		B5DAAB6515F8178E00835E3A /* en */ = {isa = PBXFileReference; lastKnownFileType = file.xib; name = en; path = en.lproj/MainMenu.xib; sourceTree = "<group>"; };
		B5DAAB7215F81BF000835E3A /* 10_Club.png */ = {isa = PBXFileReference; lastKnownFileType = image.png; path = 10_Club.png; sourceTree = "<group>"; };
		B5DAAB7315F81BF000835E3A /* 10_Diamond.png */ = {isa = PBXFileReference; lastKnownFileType = image.png; path = 10_Diamond.png; sourceTree = "<group>"; };
		B5DAAB7415F81BF000835E3A /* 10_Heart.png */ = {isa = PBXFileReference; lastKnownFileType = image.png; path = 10_Heart.png; sourceTree = "<group>"; };
		B5DAAB7515F81BF000835E3A /* 10_Spade.png */ = {isa = PBXFileReference; lastKnownFileType = image.png; path = 10_Spade.png; sourceTree = "<group>"; };
		B5DAAB7615F81BF000835E3A /* 2_Club.png */ = {isa = PBXFileReference; lastKnownFileType = image.png; path = 2_Club.png; sourceTree = "<group>"; };
		B5DAAB7715F81BF000835E3A /* 2_Diamond.png */ = {isa = PBXFileReference; lastKnownFileType = image.png; path = 2_Diamond.png; sourceTree = "<group>"; };
		B5DAAB7815F81BF000835E3A /* 2_Heart.png */ = {isa = PBXFileReference; lastKnownFileType = image.png; path = 2_Heart.png; sourceTree = "<group>"; };
		B5DAAB7915F81BF000835E3A /* 2_Spade.png */ = {isa = PBXFileReference; lastKnownFileType = image.png; path = 2_Spade.png; sourceTree = "<group>"; };
		B5DAAB7A15F81BF000835E3A /* 3_Club.png */ = {isa = PBXFileReference; lastKnownFileType = image.png; path = 3_Club.png; sourceTree = "<group>"; };
		B5DAAB7B15F81BF000835E3A /* 3_Diamond.png */ = {isa = PBXFileReference; lastKnownFileType = image.png; path = 3_Diamond.png; sourceTree = "<group>"; };
		B5DAAB7C15F81BF000835E3A /* 3_Heart.png */ = {isa = PBXFileReference; lastKnownFileType = image.png; path = 3_Heart.png; sourceTree = "<group>"; };
		B5DAAB7D15F81BF000835E3A /* 3_Spade.png */ = {isa = PBXFileReference; lastKnownFileType = image.png; path = 3_Spade.png; sourceTree = "<group>"; };
		B5DAAB7E15F81BF000835E3A /* 4_Club.png */ = {isa = PBXFileReference; lastKnownFileType = image.png; path = 4_Club.png; sourceTree = "<group>"; };
		B5DAAB7F15F81BF000835E3A /* 4_Diamond.png */ = {isa = PBXFileReference; lastKnownFileType = image.png; path = 4_Diamond.png; sourceTree = "<group>"; };
		B5DAAB8015F81BF000835E3A /* 4_Heart.png */ = {isa = PBXFileReference; lastKnownFileType = image.png; path = 4_Heart.png; sourceTree = "<group>"; };
		B5DAAB8115F81BF000835E3A /* 4_Spade.png */ = {isa = PBXFileReference; lastKnownFileType = image.png; path = 4_Spade.png; sourceTree = "<group>"; };
		B5DAAB8215F81BF000835E3A /* 5_Club.png */ = {isa = PBXFileReference; lastKnownFileType = image.png; path = 5_Club.png; sourceTree = "<group>"; };
		B5DAAB8315F81BF000835E3A /* 5_Diamond.png */ = {isa = PBXFileReference; lastKnownFileType = image.png; path = 5_Diamond.png; sourceTree = "<group>"; };
		B5DAAB8415F81BF000835E3A /* 5_Heart.png */ = {isa = PBXFileReference; lastKnownFileType = image.png; path = 5_Heart.png; sourceTree = "<group>"; };
		B5DAAB8515F81BF000835E3A /* 5_Spade.png */ = {isa = PBXFileReference; lastKnownFileType = image.png; path = 5_Spade.png; sourceTree = "<group>"; };
		B5DAAB8615F81BF000835E3A /* 6_Club.png */ = {isa = PBXFileReference; lastKnownFileType = image.png; path = 6_Club.png; sourceTree = "<group>"; };
		B5DAAB8715F81BF000835E3A /* 6_Diamond.png */ = {isa = PBXFileReference; lastKnownFileType = image.png; path = 6_Diamond.png; sourceTree = "<group>"; };
		B5DAAB8815F81BF000835E3A /* 6_Heart.png */ = {isa = PBXFileReference; lastKnownFileType = image.png; path = 6_Heart.png; sourceTree = "<group>"; };
		B5DAAB8915F81BF000835E3A /* 6_Spade.png */ = {isa = PBXFileReference; lastKnownFileType = image.png; path = 6_Spade.png; sourceTree = "<group>"; };
		B5DAAB8A15F81BF000835E3A /* 7_Club.png */ = {isa = PBXFileReference; lastKnownFileType = image.png; path = 7_Club.png; sourceTree = "<group>"; };
		B5DAAB8B15F81BF000835E3A /* 7_Diamond.png */ = {isa = PBXFileReference; lastKnownFileType = image.png; path = 7_Diamond.png; sourceTree = "<group>"; };
		B5DAAB8C15F81BF000835E3A /* 7_Heart.png */ = {isa = PBXFileReference; lastKnownFileType = image.png; path = 7_Heart.png; sourceTree = "<group>"; };
		B5DAAB8D15F81BF000835E3A /* 7_Spade.png */ = {isa = PBXFileReference; lastKnownFileType = image.png; path = 7_Spade.png; sourceTree = "<group>"; };
		B5DAAB8E15F81BF000835E3A /* 8_Club.png */ = {isa = PBXFileReference; lastKnownFileType = image.png; path = 8_Club.png; sourceTree = "<group>"; };
		B5DAAB8F15F81BF000835E3A /* 8_Diamond.png */ = {isa = PBXFileReference; lastKnownFileType = image.png; path = 8_Diamond.png; sourceTree = "<group>"; };
		B5DAAB9015F81BF000835E3A /* 8_Heart.png */ = {isa = PBXFileReference; lastKnownFileType = image.png; path = 8_Heart.png; sourceTree = "<group>"; };
		B5DAAB9115F81BF000835E3A /* 8_Spade.png */ = {isa = PBXFileReference; lastKnownFileType = image.png; path = 8_Spade.png; sourceTree = "<group>"; };
		B5DAAB9215F81BF000835E3A /* 9_Club.png */ = {isa = PBXFileReference; lastKnownFileType = image.png; path = 9_Club.png; sourceTree = "<group>"; };
		B5DAAB9315F81BF000835E3A /* 9_Diamond.png */ = {isa = PBXFileReference; lastKnownFileType = image.png; path = 9_Diamond.png; sourceTree = "<group>"; };
		B5DAAB9415F81BF000835E3A /* 9_Heart.png */ = {isa = PBXFileReference; lastKnownFileType = image.png; path = 9_Heart.png; sourceTree = "<group>"; };
		B5DAAB9515F81BF000835E3A /* 9_Spade.png */ = {isa = PBXFileReference; lastKnownFileType = image.png; path = 9_Spade.png; sourceTree = "<group>"; };
		B5DAAB9615F81BF000835E3A /* Ace_Club.png */ = {isa = PBXFileReference; lastKnownFileType = image.png; path = Ace_Club.png; sourceTree = "<group>"; };
		B5DAAB9715F81BF000835E3A /* Ace_Diamond.png */ = {isa = PBXFileReference; lastKnownFileType = image.png; path = Ace_Diamond.png; sourceTree = "<group>"; };
		B5DAAB9815F81BF000835E3A /* Ace_Heart.png */ = {isa = PBXFileReference; lastKnownFileType = image.png; path = Ace_Heart.png; sourceTree = "<group>"; };
		B5DAAB9915F81BF000835E3A /* Ace_Spade.png */ = {isa = PBXFileReference; lastKnownFileType = image.png; path = Ace_Spade.png; sourceTree = "<group>"; };
		B5DAAB9A15F81BF000835E3A /* Jack_Club.png */ = {isa = PBXFileReference; lastKnownFileType = image.png; path = Jack_Club.png; sourceTree = "<group>"; };
		B5DAAB9B15F81BF000835E3A /* Jack_Diamond.png */ = {isa = PBXFileReference; lastKnownFileType = image.png; path = Jack_Diamond.png; sourceTree = "<group>"; };
		B5DAAB9C15F81BF000835E3A /* Jack_Heart.png */ = {isa = PBXFileReference; lastKnownFileType = image.png; path = Jack_Heart.png; sourceTree = "<group>"; };
		B5DAAB9D15F81BF000835E3A /* Jack_Spade.png */ = {isa = PBXFileReference; lastKnownFileType = image.png; path = Jack_Spade.png; sourceTree = "<group>"; };
		B5DAAB9E15F81BF000835E3A /* King_Club.png */ = {isa = PBXFileReference; lastKnownFileType = image.png; path = King_Club.png; sourceTree = "<group>"; };
		B5DAAB9F15F81BF000835E3A /* King_Diamond.png */ = {isa = PBXFileReference; lastKnownFileType = image.png; path = King_Diamond.png; sourceTree = "<group>"; };
		B5DAABA015F81BF000835E3A /* King_Heart.png */ = {isa = PBXFileReference; lastKnownFileType = image.png; path = King_Heart.png; sourceTree = "<group>"; };
		B5DAABA115F81BF000835E3A /* King_Spade.png */ = {isa = PBXFileReference; lastKnownFileType = image.png; path = King_Spade.png; sourceTree = "<group>"; };
		B5DAABA215F81BF000835E3A /* Queen_Club.png */ = {isa = PBXFileReference; lastKnownFileType = image.png; path = Queen_Club.png; sourceTree = "<group>"; };
		B5DAABA315F81BF000835E3A /* Queen_Diamond.png */ = {isa = PBXFileReference; lastKnownFileType = image.png; path = Queen_Diamond.png; sourceTree = "<group>"; };
		B5DAABA415F81BF000835E3A /* Queen_Heart.png */ = {isa = PBXFileReference; lastKnownFileType = image.png; path = Queen_Heart.png; sourceTree = "<group>"; };
		B5DAABA515F81BF000835E3A /* Queen_Spade.png */ = {isa = PBXFileReference; lastKnownFileType = image.png; path = Queen_Spade.png; sourceTree = "<group>"; };
		B5DAABDA15F848D100835E3A /* 1st.png */ = {isa = PBXFileReference; lastKnownFileType = image.png; path = 1st.png; sourceTree = "<group>"; };
		B5DAABDB15F848D100835E3A /* 2nd.png */ = {isa = PBXFileReference; lastKnownFileType = image.png; path = 2nd.png; sourceTree = "<group>"; };
		B5DAABDC15F848D100835E3A /* 3rd.png */ = {isa = PBXFileReference; lastKnownFileType = image.png; path = 3rd.png; sourceTree = "<group>"; };
		B5DAABDD15F848D100835E3A /* 4th.png */ = {isa = PBXFileReference; lastKnownFileType = image.png; path = 4th.png; sourceTree = "<group>"; };
/* End PBXFileReference section */

/* Begin PBXFrameworksBuildPhase section */
		B5DAAB4815F8178E00835E3A /* Frameworks */ = {
			isa = PBXFrameworksBuildPhase;
			buildActionMask = 2147483647;
			files = (
				B5DAAB5015F8178E00835E3A /* Cocoa.framework in Frameworks */,
			);
			runOnlyForDeploymentPostprocessing = 0;
		};
/* End PBXFrameworksBuildPhase section */

/* Begin PBXGroup section */
		B5DAAB4015F8178E00835E3A = {
			isa = PBXGroup;
			children = (
				B5DAAB5515F8178E00835E3A /* ChainBreak */,
				B5DAAB4E15F8178E00835E3A /* Frameworks */,
				B5DAAB4C15F8178E00835E3A /* Products */,
			);
			sourceTree = "<group>";
		};
		B5DAAB4C15F8178E00835E3A /* Products */ = {
			isa = PBXGroup;
			children = (
				B5DAAB4B15F8178E00835E3A /* ChainBreak.app */,
			);
			name = Products;
			sourceTree = "<group>";
		};
		B5DAAB4E15F8178E00835E3A /* Frameworks */ = {
			isa = PBXGroup;
			children = (
				B5DAAB4F15F8178E00835E3A /* Cocoa.framework */,
				B5DAAB5115F8178E00835E3A /* Other Frameworks */,
			);
			name = Frameworks;
			sourceTree = "<group>";
		};
		B5DAAB5115F8178E00835E3A /* Other Frameworks */ = {
			isa = PBXGroup;
			children = (
				B5DAAB5215F8178E00835E3A /* AppKit.framework */,
				B5DAAB5315F8178E00835E3A /* CoreData.framework */,
				B5DAAB5415F8178E00835E3A /* Foundation.framework */,
			);
			name = "Other Frameworks";
			sourceTree = "<group>";
		};
		B5DAAB5515F8178E00835E3A /* ChainBreak */ = {
			isa = PBXGroup;
			children = (
				B5DAAB6115F8178E00835E3A /* AppDelegate.h */,
				B5DAAB6215F8178E00835E3A /* AppDelegate.m */,
				B58414F115FA527E00E6D0AE /* Card.h */,
				B58414F215FA527E00E6D0AE /* Card.m */,
				B58414F515FADCA500E6D0AE /* Player.h */,
				B58414F615FADCA500E6D0AE /* Player.m */,
				B5DAAB6415F8178E00835E3A /* MainMenu.xib */,
				B5DAAB5615F8178E00835E3A /* Supporting Files */,
				B5DAAB6F15F81BF000835E3A /* Resources */,
			);
			path = ChainBreak;
			sourceTree = "<group>";
		};
		B5DAAB5615F8178E00835E3A /* Supporting Files */ = {
			isa = PBXGroup;
			children = (
				B5DAAB5715F8178E00835E3A /* ChainBreak-Info.plist */,
				B5DAAB5815F8178E00835E3A /* InfoPlist.strings */,
				B5DAAB5B15F8178E00835E3A /* main.m */,
				B5DAAB5D15F8178E00835E3A /* ChainBreak-Prefix.pch */,
				B5DAAB5E15F8178E00835E3A /* Credits.rtf */,
			);
			name = "Supporting Files";
			sourceTree = "<group>";
		};
		B5DAAB6F15F81BF000835E3A /* Resources */ = {
			isa = PBXGroup;
			children = (
				B5DAAB7015F81BF000835E3A /* Images */,
			);
			path = Resources;
			sourceTree = "<group>";
		};
		B5DAAB7015F81BF000835E3A /* Images */ = {
			isa = PBXGroup;
			children = (
				B5DAABDA15F848D100835E3A /* 1st.png */,
				B5DAABDB15F848D100835E3A /* 2nd.png */,
				B5DAABDC15F848D100835E3A /* 3rd.png */,
				B5DAABDD15F848D100835E3A /* 4th.png */,
				B5DAAB7115F81BF000835E3A /* Deck of Cards */,
			);
			path = Images;
			sourceTree = "<group>";
		};
		B5DAAB7115F81BF000835E3A /* Deck of Cards */ = {
			isa = PBXGroup;
			children = (
				B5DAAB7215F81BF000835E3A /* 10_Club.png */,
				B5DAAB7315F81BF000835E3A /* 10_Diamond.png */,
				B5DAAB7415F81BF000835E3A /* 10_Heart.png */,
				B5DAAB7515F81BF000835E3A /* 10_Spade.png */,
				B5DAAB7615F81BF000835E3A /* 2_Club.png */,
				B5DAAB7715F81BF000835E3A /* 2_Diamond.png */,
				B5DAAB7815F81BF000835E3A /* 2_Heart.png */,
				B5DAAB7915F81BF000835E3A /* 2_Spade.png */,
				B5DAAB7A15F81BF000835E3A /* 3_Club.png */,
				B5DAAB7B15F81BF000835E3A /* 3_Diamond.png */,
				B5DAAB7C15F81BF000835E3A /* 3_Heart.png */,
				B5DAAB7D15F81BF000835E3A /* 3_Spade.png */,
				B5DAAB7E15F81BF000835E3A /* 4_Club.png */,
				B5DAAB7F15F81BF000835E3A /* 4_Diamond.png */,
				B5DAAB8015F81BF000835E3A /* 4_Heart.png */,
				B5DAAB8115F81BF000835E3A /* 4_Spade.png */,
				B5DAAB8215F81BF000835E3A /* 5_Club.png */,
				B5DAAB8315F81BF000835E3A /* 5_Diamond.png */,
				B5DAAB8415F81BF000835E3A /* 5_Heart.png */,
				B5DAAB8515F81BF000835E3A /* 5_Spade.png */,
				B5DAAB8615F81BF000835E3A /* 6_Club.png */,
				B5DAAB8715F81BF000835E3A /* 6_Diamond.png */,
				B5DAAB8815F81BF000835E3A /* 6_Heart.png */,
				B5DAAB8915F81BF000835E3A /* 6_Spade.png */,
				B5DAAB8A15F81BF000835E3A /* 7_Club.png */,
				B5DAAB8B15F81BF000835E3A /* 7_Diamond.png */,
				B5DAAB8C15F81BF000835E3A /* 7_Heart.png */,
				B5DAAB8D15F81BF000835E3A /* 7_Spade.png */,
				B5DAAB8E15F81BF000835E3A /* 8_Club.png */,
				B5DAAB8F15F81BF000835E3A /* 8_Diamond.png */,
				B5DAAB9015F81BF000835E3A /* 8_Heart.png */,
				B5DAAB9115F81BF000835E3A /* 8_Spade.png */,
				B5DAAB9215F81BF000835E3A /* 9_Club.png */,
				B5DAAB9315F81BF000835E3A /* 9_Diamond.png */,
				B5DAAB9415F81BF000835E3A /* 9_Heart.png */,
				B5DAAB9515F81BF000835E3A /* 9_Spade.png */,
				B5DAAB9615F81BF000835E3A /* Ace_Club.png */,
				B5DAAB9715F81BF000835E3A /* Ace_Diamond.png */,
				B5DAAB9815F81BF000835E3A /* Ace_Heart.png */,
				B5DAAB9915F81BF000835E3A /* Ace_Spade.png */,
				B5DAAB9A15F81BF000835E3A /* Jack_Club.png */,
				B5DAAB9B15F81BF000835E3A /* Jack_Diamond.png */,
				B5DAAB9C15F81BF000835E3A /* Jack_Heart.png */,
				B5DAAB9D15F81BF000835E3A /* Jack_Spade.png */,
				B5DAAB9E15F81BF000835E3A /* King_Club.png */,
				B5DAAB9F15F81BF000835E3A /* King_Diamond.png */,
				B5DAABA015F81BF000835E3A /* King_Heart.png */,
				B5DAABA115F81BF000835E3A /* King_Spade.png */,
				B5DAABA215F81BF000835E3A /* Queen_Club.png */,
				B5DAABA315F81BF000835E3A /* Queen_Diamond.png */,
				B5DAABA415F81BF000835E3A /* Queen_Heart.png */,
				B5DAABA515F81BF000835E3A /* Queen_Spade.png */,
			);
			path = "Deck of Cards";
			sourceTree = "<group>";
		};
/* End PBXGroup section */

/* Begin PBXNativeTarget section */
		B5DAAB4A15F8178E00835E3A /* ChainBreak */ = {
			isa = PBXNativeTarget;
			buildConfigurationList = B5DAAB6915F8178E00835E3A /* Build configuration list for PBXNativeTarget "ChainBreak" */;
			buildPhases = (
				B5DAAB4715F8178E00835E3A /* Sources */,
				B5DAAB4815F8178E00835E3A /* Frameworks */,
				B5DAAB4915F8178E00835E3A /* Resources */,
			);
			buildRules = (
			);
			dependencies = (
			);
			name = ChainBreak;
			productName = ChainBreak;
			productReference = B5DAAB4B15F8178E00835E3A /* ChainBreak.app */;
			productType = "com.apple.product-type.application";
		};
/* End PBXNativeTarget section */

/* Begin PBXProject section */
		B5DAAB4215F8178E00835E3A /* Project object */ = {
			isa = PBXProject;
			attributes = {
				LastUpgradeCheck = 0440;
				ORGANIZATIONNAME = "Ben Fairclough";
			};
			buildConfigurationList = B5DAAB4515F8178E00835E3A /* Build configuration list for PBXProject "ChainBreak" */;
			compatibilityVersion = "Xcode 3.2";
			developmentRegion = English;
			hasScannedForEncodings = 0;
			knownRegions = (
				en,
			);
			mainGroup = B5DAAB4015F8178E00835E3A;
			productRefGroup = B5DAAB4C15F8178E00835E3A /* Products */;
			projectDirPath = "";
			projectRoot = "";
			targets = (
				B5DAAB4A15F8178E00835E3A /* ChainBreak */,
			);
		};
/* End PBXProject section */

/* Begin PBXResourcesBuildPhase section */
		B5DAAB4915F8178E00835E3A /* Resources */ = {
			isa = PBXResourcesBuildPhase;
			buildActionMask = 2147483647;
			files = (
				B5DAAB5A15F8178E00835E3A /* InfoPlist.strings in Resources */,
				B5DAAB6015F8178E00835E3A /* Credits.rtf in Resources */,
				B5DAAB6615F8178E00835E3A /* MainMenu.xib in Resources */,
				B5DAABA615F81BF000835E3A /* 10_Club.png in Resources */,
				B5DAABA715F81BF000835E3A /* 10_Diamond.png in Resources */,
				B5DAABA815F81BF000835E3A /* 10_Heart.png in Resources */,
				B5DAABA915F81BF000835E3A /* 10_Spade.png in Resources */,
				B5DAABAA15F81BF000835E3A /* 2_Club.png in Resources */,
				B5DAABAB15F81BF000835E3A /* 2_Diamond.png in Resources */,
				B5DAABAC15F81BF000835E3A /* 2_Heart.png in Resources */,
				B5DAABAD15F81BF000835E3A /* 2_Spade.png in Resources */,
				B5DAABAE15F81BF000835E3A /* 3_Club.png in Resources */,
				B5DAABAF15F81BF000835E3A /* 3_Diamond.png in Resources */,
				B5DAABB015F81BF000835E3A /* 3_Heart.png in Resources */,
				B5DAABB115F81BF000835E3A /* 3_Spade.png in Resources */,
				B5DAABB215F81BF000835E3A /* 4_Club.png in Resources */,
				B5DAABB315F81BF000835E3A /* 4_Diamond.png in Resources */,
				B5DAABB415F81BF000835E3A /* 4_Heart.png in Resources */,
				B5DAABB515F81BF000835E3A /* 4_Spade.png in Resources */,
				B5DAABB615F81BF000835E3A /* 5_Club.png in Resources */,
				B5DAABB715F81BF000835E3A /* 5_Diamond.png in Resources */,
				B5DAABB815F81BF000835E3A /* 5_Heart.png in Resources */,
				B5DAABB915F81BF000835E3A /* 5_Spade.png in Resources */,
				B5DAABBA15F81BF000835E3A /* 6_Club.png in Resources */,
				B5DAABBB15F81BF000835E3A /* 6_Diamond.png in Resources */,
				B5DAABBC15F81BF000835E3A /* 6_Heart.png in Resources */,
				B5DAABBD15F81BF000835E3A /* 6_Spade.png in Resources */,
				B5DAABBE15F81BF000835E3A /* 7_Club.png in Resources */,
				B5DAABBF15F81BF000835E3A /* 7_Diamond.png in Resources */,
				B5DAABC015F81BF000835E3A /* 7_Heart.png in Resources */,
				B5DAABC115F81BF000835E3A /* 7_Spade.png in Resources */,
				B5DAABC215F81BF000835E3A /* 8_Club.png in Resources */,
				B5DAABC315F81BF000835E3A /* 8_Diamond.png in Resources */,
				B5DAABC415F81BF000835E3A /* 8_Heart.png in Resources */,
				B5DAABC515F81BF000835E3A /* 8_Spade.png in Resources */,
				B5DAABC615F81BF000835E3A /* 9_Club.png in Resources */,
				B5DAABC715F81BF000835E3A /* 9_Diamond.png in Resources */,
				B5DAABC815F81BF000835E3A /* 9_Heart.png in Resources */,
				B5DAABC915F81BF000835E3A /* 9_Spade.png in Resources */,
				B5DAABCA15F81BF000835E3A /* Ace_Club.png in Resources */,
				B5DAABCB15F81BF000835E3A /* Ace_Diamond.png in Resources */,
				B5DAABCC15F81BF000835E3A /* Ace_Heart.png in Resources */,
				B5DAABCD15F81BF000835E3A /* Ace_Spade.png in Resources */,
				B5DAABCE15F81BF000835E3A /* Jack_Club.png in Resources */,
				B5DAABCF15F81BF000835E3A /* Jack_Diamond.png in Resources */,
				B5DAABD015F81BF000835E3A /* Jack_Heart.png in Resources */,
				B5DAABD115F81BF000835E3A /* Jack_Spade.png in Resources */,
				B5DAABD215F81BF000835E3A /* King_Club.png in Resources */,
				B5DAABD315F81BF000835E3A /* King_Diamond.png in Resources */,
				B5DAABD415F81BF000835E3A /* King_Heart.png in Resources */,
				B5DAABD515F81BF000835E3A /* King_Spade.png in Resources */,
				B5DAABD615F81BF000835E3A /* Queen_Club.png in Resources */,
				B5DAABD715F81BF000835E3A /* Queen_Diamond.png in Resources */,
				B5DAABD815F81BF000835E3A /* Queen_Heart.png in Resources */,
				B5DAABD915F81BF000835E3A /* Queen_Spade.png in Resources */,
				B5DAABDE15F848D100835E3A /* 1st.png in Resources */,
				B5DAABDF15F848D100835E3A /* 2nd.png in Resources */,
				B5DAABE015F848D100835E3A /* 3rd.png in Resources */,
				B5DAABE115F848D100835E3A /* 4th.png in Resources */,
			);
			runOnlyForDeploymentPostprocessing = 0;
		};
/* End PBXResourcesBuildPhase section */

/* Begin PBXSourcesBuildPhase section */
		B5DAAB4715F8178E00835E3A /* Sources */ = {
			isa = PBXSourcesBuildPhase;
			buildActionMask = 2147483647;
			files = (
				B5DAAB5C15F8178E00835E3A /* main.m in Sources */,
				B5DAAB6315F8178E00835E3A /* AppDelegate.m in Sources */,
				B58414F315FA527E00E6D0AE /* Card.m in Sources */,
				B58414F715FADCA500E6D0AE /* Player.m in Sources */,
			);
			runOnlyForDeploymentPostprocessing = 0;
		};
/* End PBXSourcesBuildPhase section */

/* Begin PBXVariantGroup section */
		B5DAAB5815F8178E00835E3A /* InfoPlist.strings */ = {
			isa = PBXVariantGroup;
			children = (
				B5DAAB5915F8178E00835E3A /* en */,
			);
			name = InfoPlist.strings;
			sourceTree = "<group>";
		};
		B5DAAB5E15F8178E00835E3A /* Credits.rtf */ = {
			isa = PBXVariantGroup;
			children = (
				B5DAAB5F15F8178E00835E3A /* en */,
			);
			name = Credits.rtf;
			sourceTree = "<group>";
		};
		B5DAAB6415F8178E00835E3A /* MainMenu.xib */ = {
			isa = PBXVariantGroup;
			children = (
				B5DAAB6515F8178E00835E3A /* en */,
			);
			name = MainMenu.xib;
			sourceTree = "<group>";
		};
/* End PBXVariantGroup section */

/* Begin XCBuildConfiguration section */
		B5DAAB6715F8178E00835E3A /* Debug */ = {
			isa = XCBuildConfiguration;
			buildSettings = {
				ALWAYS_SEARCH_USER_PATHS = NO;
				ARCHS = "$(ARCHS_STANDARD_64_BIT)";
				CLANG_CXX_LANGUAGE_STANDARD = "gnu++0x";
				CLANG_ENABLE_OBJC_ARC = YES;
				CLANG_WARN__DUPLICATE_METHOD_MATCH = YES;
				COPY_PHASE_STRIP = NO;
				GCC_C_LANGUAGE_STANDARD = gnu99;
				GCC_DYNAMIC_NO_PIC = NO;
				GCC_ENABLE_OBJC_EXCEPTIONS = YES;
				GCC_OPTIMIZATION_LEVEL = 0;
				GCC_PREPROCESSOR_DEFINITIONS = (
					"DEBUG=1",
					"$(inherited)",
				);
				GCC_SYMBOLS_PRIVATE_EXTERN = NO;
				GCC_WARN_64_TO_32_BIT_CONVERSION = YES;
				GCC_WARN_ABOUT_RETURN_TYPE = YES;
				GCC_WARN_UNINITIALIZED_AUTOS = YES;
				GCC_WARN_UNUSED_VARIABLE = YES;
				MACOSX_DEPLOYMENT_TARGET = 10.8;
				ONLY_ACTIVE_ARCH = YES;
				SDKROOT = macosx;
			};
			name = Debug;
		};
		B5DAAB6815F8178E00835E3A /* Release */ = {
			isa = XCBuildConfiguration;
			buildSettings = {
				ALWAYS_SEARCH_USER_PATHS = NO;
				ARCHS = "$(ARCHS_STANDARD_64_BIT)";
				CLANG_CXX_LANGUAGE_STANDARD = "gnu++0x";
				CLANG_ENABLE_OBJC_ARC = YES;
				CLANG_WARN__DUPLICATE_METHOD_MATCH = YES;
				COPY_PHASE_STRIP = YES;
				DEBUG_INFORMATION_FORMAT = "dwarf-with-dsym";
				GCC_C_LANGUAGE_STANDARD = gnu99;
				GCC_ENABLE_OBJC_EXCEPTIONS = YES;
				GCC_WARN_64_TO_32_BIT_CONVERSION = YES;
				GCC_WARN_ABOUT_RETURN_TYPE = YES;
				GCC_WARN_UNINITIALIZED_AUTOS = YES;
				GCC_WARN_UNUSED_VARIABLE = YES;
				MACOSX_DEPLOYMENT_TARGET = 10.8;
				SDKROOT = macosx;
			};
			name = Release;
		};
		B5DAAB6A15F8178E00835E3A /* Debug */ = {
			isa = XCBuildConfiguration;
			buildSettings = {
				COMBINE_HIDPI_IMAGES = YES;
				GCC_PRECOMPILE_PREFIX_HEADER = YES;
				GCC_PREFIX_HEADER = "ChainBreak/ChainBreak-Prefix.pch";
				INFOPLIST_FILE = "ChainBreak/ChainBreak-Info.plist";
				PRODUCT_NAME = "$(TARGET_NAME)";
				WRAPPER_EXTENSION = app;
			};
			name = Debug;
		};
		B5DAAB6B15F8178E00835E3A /* Release */ = {
			isa = XCBuildConfiguration;
			buildSettings = {
				COMBINE_HIDPI_IMAGES = YES;
				GCC_PRECOMPILE_PREFIX_HEADER = YES;
				GCC_PREFIX_HEADER = "ChainBreak/ChainBreak-Prefix.pch";
				INFOPLIST_FILE = "ChainBreak/ChainBreak-Info.plist";
				PRODUCT_NAME = "$(TARGET_NAME)";
				WRAPPER_EXTENSION = app;
			};
			name = Release;
		};
/* End XCBuildConfiguration section */

/* Begin XCConfigurationList section */
		B5DAAB4515F8178E00835E3A /* Build configuration list for PBXProject "ChainBreak" */ = {
			isa = XCConfigurationList;
			buildConfigurations = (
				B5DAAB6715F8178E00835E3A /* Debug */,
				B5DAAB6815F8178E00835E3A /* Release */,
			);
			defaultConfigurationIsVisible = 0;
			defaultConfigurationName = Release;
		};
		B5DAAB6915F8178E00835E3A /* Build configuration list for PBXNativeTarget "ChainBreak" */ = {
			isa = XCConfigurationList;
			buildConfigurations = (
				B5DAAB6A15F8178E00835E3A /* Debug */,
				B5DAAB6B15F8178E00835E3A /* Release */,
			);
			defaultConfigurationIsVisible = 0;
			defaultConfigurationName = Release;
		};
/* End XCConfigurationList section */
	};
	rootObject = B5DAAB4215F8178E00835E3A /* Project object */;
}
